// !$*UTF8*$!
{
	archiveVersion = 1;
	classes = {
	};
	objectVersion = 50;
	objects = {

/* Begin PBXBuildFile section */
		7D76930175D09A426A7BBE4A /* Pods_litres_.framework in Frameworks */ = {isa = PBXBuildFile; fileRef = 2BCC8E62456A63CD143BEC29 /* Pods_litres_.framework */; };
		F216A6F120DF1A3D006DBD5B /* FueloRequest.swift in Sources */ = {isa = PBXBuildFile; fileRef = F216A6F020DF1A3D006DBD5B /* FueloRequest.swift */; };
		F266CCF720E3E42B00FED013 /* MapViewController.swift in Sources */ = {isa = PBXBuildFile; fileRef = F266CCF620E3E42B00FED013 /* MapViewController.swift */; };
		F266CCF920E3F2EC00FED013 /* DismissKeyboard.swift in Sources */ = {isa = PBXBuildFile; fileRef = F266CCF820E3F2EC00FED013 /* DismissKeyboard.swift */; };
		F27B935620C8337200EF0807 /* AppDelegate.swift in Sources */ = {isa = PBXBuildFile; fileRef = F27B935520C8337200EF0807 /* AppDelegate.swift */; };
		F27B935820C8337200EF0807 /* ViewController.swift in Sources */ = {isa = PBXBuildFile; fileRef = F27B935720C8337200EF0807 /* ViewController.swift */; };
		F27B935B20C8337200EF0807 /* Main.storyboard in Resources */ = {isa = PBXBuildFile; fileRef = F27B935920C8337200EF0807 /* Main.storyboard */; };
		F27B935D20C8337400EF0807 /* Assets.xcassets in Resources */ = {isa = PBXBuildFile; fileRef = F27B935C20C8337400EF0807 /* Assets.xcassets */; };
		F27B936020C8337400EF0807 /* LaunchScreen.storyboard in Resources */ = {isa = PBXBuildFile; fileRef = F27B935E20C8337400EF0807 /* LaunchScreen.storyboard */; };
/* End PBXBuildFile section */

/* Begin PBXCopyFilesBuildPhase section */
		F2489FAA20C859C800156073 /* Embed Frameworks */ = {
			isa = PBXCopyFilesBuildPhase;
			buildActionMask = 2147483647;
			dstPath = "";
			dstSubfolderSpec = 10;
			files = (
			);
			name = "Embed Frameworks";
			runOnlyForDeploymentPostprocessing = 0;
		};
/* End PBXCopyFilesBuildPhase section */

/* Begin PBXFileReference section */
		12F7B5F2F9CBCDDC4B85738D /* Pods-litres?.debug.xcconfig */ = {isa = PBXFileReference; includeInIndex = 1; lastKnownFileType = text.xcconfig; name = "Pods-litres?.debug.xcconfig"; path = "Pods/Target Support Files/Pods-litres?/Pods-litres?.debug.xcconfig"; sourceTree = "<group>"; };
		1D632E7184103ECB9D82D308 /* Pods-litres?.release.xcconfig */ = {isa = PBXFileReference; includeInIndex = 1; lastKnownFileType = text.xcconfig; name = "Pods-litres?.release.xcconfig"; path = "Pods/Target Support Files/Pods-litres?/Pods-litres?.release.xcconfig"; sourceTree = "<group>"; };
		2BCC8E62456A63CD143BEC29 /* Pods_litres_.framework */ = {isa = PBXFileReference; explicitFileType = wrapper.framework; includeInIndex = 0; path = Pods_litres_.framework; sourceTree = BUILT_PRODUCTS_DIR; };
		F216A6F020DF1A3D006DBD5B /* FueloRequest.swift */ = {isa = PBXFileReference; lastKnownFileType = sourcecode.swift; path = FueloRequest.swift; sourceTree = "<group>"; };
		F266CCF620E3E42B00FED013 /* MapViewController.swift */ = {isa = PBXFileReference; lastKnownFileType = sourcecode.swift; path = MapViewController.swift; sourceTree = "<group>"; };
		F266CCF820E3F2EC00FED013 /* DismissKeyboard.swift */ = {isa = PBXFileReference; lastKnownFileType = sourcecode.swift; path = DismissKeyboard.swift; sourceTree = "<group>"; };
		F27B935220C8337200EF0807 /* litres?.app */ = {isa = PBXFileReference; explicitFileType = wrapper.application; includeInIndex = 0; path = "litres?.app"; sourceTree = BUILT_PRODUCTS_DIR; };
		F27B935520C8337200EF0807 /* AppDelegate.swift */ = {isa = PBXFileReference; lastKnownFileType = sourcecode.swift; path = AppDelegate.swift; sourceTree = "<group>"; };
		F27B935720C8337200EF0807 /* ViewController.swift */ = {isa = PBXFileReference; lastKnownFileType = sourcecode.swift; path = ViewController.swift; sourceTree = "<group>"; };
		F27B935A20C8337200EF0807 /* Base */ = {isa = PBXFileReference; lastKnownFileType = file.storyboard; name = Base; path = Base.lproj/Main.storyboard; sourceTree = "<group>"; };
		F27B935C20C8337400EF0807 /* Assets.xcassets */ = {isa = PBXFileReference; lastKnownFileType = folder.assetcatalog; path = Assets.xcassets; sourceTree = "<group>"; };
		F27B935F20C8337400EF0807 /* Base */ = {isa = PBXFileReference; lastKnownFileType = file.storyboard; name = Base; path = Base.lproj/LaunchScreen.storyboard; sourceTree = "<group>"; };
		F27B936120C8337400EF0807 /* Info.plist */ = {isa = PBXFileReference; lastKnownFileType = text.plist.xml; path = Info.plist; sourceTree = "<group>"; };
/* End PBXFileReference section */

/* Begin PBXFrameworksBuildPhase section */
		F27B934F20C8337200EF0807 /* Frameworks */ = {
			isa = PBXFrameworksBuildPhase;
			buildActionMask = 2147483647;
			files = (
				7D76930175D09A426A7BBE4A /* Pods_litres_.framework in Frameworks */,
			);
			runOnlyForDeploymentPostprocessing = 0;
		};
/* End PBXFrameworksBuildPhase section */

/* Begin PBXGroup section */
		20C299630BB575EF9B484602 /* Pods */ = {
			isa = PBXGroup;
			children = (
				12F7B5F2F9CBCDDC4B85738D /* Pods-litres?.debug.xcconfig */,
				1D632E7184103ECB9D82D308 /* Pods-litres?.release.xcconfig */,
			);
			name = Pods;
			sourceTree = "<group>";
		};
		2D178B80A77F8C971026A2F1 /* Frameworks */ = {
			isa = PBXGroup;
			children = (
				2BCC8E62456A63CD143BEC29 /* Pods_litres_.framework */,
			);
			name = Frameworks;
			sourceTree = "<group>";
		};
		F266CCF520E3E3F500FED013 /* ViewControllers */ = {
			isa = PBXGroup;
			children = (
				F27B935720C8337200EF0807 /* ViewController.swift */,
				F266CCF620E3E42B00FED013 /* MapViewController.swift */,
			);
			path = ViewControllers;
			sourceTree = "<group>";
		};
		F27B934920C8337200EF0807 = {
			isa = PBXGroup;
			children = (
				F27B935420C8337200EF0807 /* litres? */,
				F27B935320C8337200EF0807 /* Products */,
				20C299630BB575EF9B484602 /* Pods */,
				2D178B80A77F8C971026A2F1 /* Frameworks */,
			);
			sourceTree = "<group>";
		};
		F27B935320C8337200EF0807 /* Products */ = {
			isa = PBXGroup;
			children = (
				F27B935220C8337200EF0807 /* litres?.app */,
			);
			name = Products;
			sourceTree = "<group>";
		};
		F27B935420C8337200EF0807 /* litres? */ = {
			isa = PBXGroup;
			children = (
				F266CCF520E3E3F500FED013 /* ViewControllers */,
				F27B936920C8450400EF0807 /* Extensions */,
				F27B935520C8337200EF0807 /* AppDelegate.swift */,
				F27B935920C8337200EF0807 /* Main.storyboard */,
				F27B935C20C8337400EF0807 /* Assets.xcassets */,
				F27B935E20C8337400EF0807 /* LaunchScreen.storyboard */,
				F27B936120C8337400EF0807 /* Info.plist */,
			);
			path = "litres?";
			sourceTree = "<group>";
		};
		F27B936920C8450400EF0807 /* Extensions */ = {
			isa = PBXGroup;
			children = (
				F216A6F020DF1A3D006DBD5B /* FueloRequest.swift */,
				F266CCF820E3F2EC00FED013 /* DismissKeyboard.swift */,
			);
			path = Extensions;
			sourceTree = "<group>";
		};
/* End PBXGroup section */

/* Begin PBXNativeTarget section */
		F27B935120C8337200EF0807 /* litres? */ = {
			isa = PBXNativeTarget;
			buildConfigurationList = F27B936420C8337400EF0807 /* Build configuration list for PBXNativeTarget "litres?" */;
			buildPhases = (
				1636244DEF15E03B5E0BA2C8 /* [CP] Check Pods Manifest.lock */,
				F27B934E20C8337200EF0807 /* Sources */,
				F27B934F20C8337200EF0807 /* Frameworks */,
				F27B935020C8337200EF0807 /* Resources */,
				F2489FAA20C859C800156073 /* Embed Frameworks */,
				BADF36D0EFDC18B5977D7AE0 /* [CP] Copy Pods Resources */,
			);
			buildRules = (
			);
			dependencies = (
			);
			name = "litres?";
			productName = "litres?";
			productReference = F27B935220C8337200EF0807 /* litres?.app */;
			productType = "com.apple.product-type.application";
		};
/* End PBXNativeTarget section */

/* Begin PBXProject section */
		F27B934A20C8337200EF0807 /* Project object */ = {
			isa = PBXProject;
			attributes = {
				LastSwiftUpdateCheck = 0930;
				LastUpgradeCheck = 0930;
				ORGANIZATIONNAME = "Atanas Chompolov";
				TargetAttributes = {
					F27B935120C8337200EF0807 = {
						CreatedOnToolsVersion = 9.3.1;
					};
				};
			};
			buildConfigurationList = F27B934D20C8337200EF0807 /* Build configuration list for PBXProject "litres?" */;
			compatibilityVersion = "Xcode 9.3";
			developmentRegion = en;
			hasScannedForEncodings = 0;
			knownRegions = (
				en,
				Base,
			);
			mainGroup = F27B934920C8337200EF0807;
			productRefGroup = F27B935320C8337200EF0807 /* Products */;
			projectDirPath = "";
			projectRoot = "";
			targets = (
				F27B935120C8337200EF0807 /* litres? */,
			);
		};
/* End PBXProject section */

/* Begin PBXResourcesBuildPhase section */
		F27B935020C8337200EF0807 /* Resources */ = {
			isa = PBXResourcesBuildPhase;
			buildActionMask = 2147483647;
			files = (
				F27B936020C8337400EF0807 /* LaunchScreen.storyboard in Resources */,
				F27B935D20C8337400EF0807 /* Assets.xcassets in Resources */,
				F27B935B20C8337200EF0807 /* Main.storyboard in Resources */,
			);
			runOnlyForDeploymentPostprocessing = 0;
		};
/* End PBXResourcesBuildPhase section */

/* Begin PBXShellScriptBuildPhase section */
		1636244DEF15E03B5E0BA2C8 /* [CP] Check Pods Manifest.lock */ = {
			isa = PBXShellScriptBuildPhase;
			buildActionMask = 2147483647;
			files = (
			);
			inputPaths = (
				"${PODS_PODFILE_DIR_PATH}/Podfile.lock",
				"${PODS_ROOT}/Manifest.lock",
			);
			name = "[CP] Check Pods Manifest.lock";
			outputPaths = (
				"$(DERIVED_FILE_DIR)/Pods-litres?-checkManifestLockResult.txt",
			);
			runOnlyForDeploymentPostprocessing = 0;
			shellPath = /bin/sh;
			shellScript = "diff \"${PODS_PODFILE_DIR_PATH}/Podfile.lock\" \"${PODS_ROOT}/Manifest.lock\" > /dev/null\nif [ $? != 0 ] ; then\n    # print error to STDERR\n    echo \"error: The sandbox is not in sync with the Podfile.lock. Run 'pod install' or update your CocoaPods installation.\" >&2\n    exit 1\nfi\n# This output is used by Xcode 'outputs' to avoid re-running this script phase.\necho \"SUCCESS\" > \"${SCRIPT_OUTPUT_FILE_0}\"\n";
			showEnvVarsInLog = 0;
		};
		BADF36D0EFDC18B5977D7AE0 /* [CP] Copy Pods Resources */ = {
			isa = PBXShellScriptBuildPhase;
			buildActionMask = 2147483647;
			files = (
			);
			inputPaths = (
				"${SRCROOT}/Pods/Target Support Files/Pods-litres?/Pods-litres?-resources.sh",
				"${PODS_ROOT}/GoogleMaps/Maps/Frameworks/GoogleMaps.framework/Resources/GoogleMaps.bundle",
				"${PODS_ROOT}/GooglePlaces/Frameworks/GooglePlaces.framework/Resources/GooglePlaces.bundle",
			);
			name = "[CP] Copy Pods Resources";
			outputPaths = (
				"${TARGET_BUILD_DIR}/${UNLOCALIZED_RESOURCES_FOLDER_PATH}/GoogleMaps.bundle",
				"${TARGET_BUILD_DIR}/${UNLOCALIZED_RESOURCES_FOLDER_PATH}/GooglePlaces.bundle",
			);
			runOnlyForDeploymentPostprocessing = 0;
			shellPath = /bin/sh;
			shellScript = "\"${SRCROOT}/Pods/Target Support Files/Pods-litres?/Pods-litres?-resources.sh\"\n";
			showEnvVarsInLog = 0;
		};
/* End PBXShellScriptBuildPhase section */

/* Begin PBXSourcesBuildPhase section */
		F27B934E20C8337200EF0807 /* Sources */ = {
			isa = PBXSourcesBuildPhase;
			buildActionMask = 2147483647;
			files = (
				F27B935820C8337200EF0807 /* ViewController.swift in Sources */,
				F27B935620C8337200EF0807 /* AppDelegate.swift in Sources */,
				F216A6F120DF1A3D006DBD5B /* FueloRequest.swift in Sources */,
				F266CCF720E3E42B00FED013 /* MapViewController.swift in Sources */,
				F266CCF920E3F2EC00FED013 /* DismissKeyboard.swift in Sources */,
			);
			runOnlyForDeploymentPostprocessing = 0;
		};
/* End PBXSourcesBuildPhase section */

/* Begin PBXVariantGroup section */
		F27B935920C8337200EF0807 /* Main.storyboard */ = {
			isa = PBXVariantGroup;
			children = (
				F27B935A20C8337200EF0807 /* Base */,
			);
			name = Main.storyboard;
			sourceTree = "<group>";
		};
		F27B935E20C8337400EF0807 /* LaunchScreen.storyboard */ = {
			isa = PBXVariantGroup;
			children = (
				F27B935F20C8337400EF0807 /* Base */,
			);
			name = LaunchScreen.storyboard;
			sourceTree = "<group>";
		};
/* End PBXVariantGroup section */

/* Begin XCBuildConfiguration section */
		F27B936220C8337400EF0807 /* Debug */ = {
			isa = XCBuildConfiguration;
			buildSettings = {
				ALWAYS_SEARCH_USER_PATHS = NO;
				CLANG_ANALYZER_NONNULL = YES;
				CLANG_ANALYZER_NUMBER_OBJECT_CONVERSION = YES_AGGRESSIVE;
				CLANG_CXX_LANGUAGE_STANDARD = "gnu++14";
				CLANG_CXX_LIBRARY = "libc++";
				CLANG_ENABLE_MODULES = YES;
				CLANG_ENABLE_OBJC_ARC = YES;
				CLANG_ENABLE_OBJC_WEAK = YES;
				CLANG_WARN_BLOCK_CAPTURE_AUTORELEASING = YES;
				CLANG_WARN_BOOL_CONVERSION = YES;
				CLANG_WARN_COMMA = YES;
				CLANG_WARN_CONSTANT_CONVERSION = YES;
				CLANG_WARN_DEPRECATED_OBJC_IMPLEMENTATIONS = YES;
				CLANG_WARN_DIRECT_OBJC_ISA_USAGE = YES_ERROR;
				CLANG_WARN_DOCUMENTATION_COMMENTS = YES;
				CLANG_WARN_EMPTY_BODY = YES;
				CLANG_WARN_ENUM_CONVERSION = YES;
				CLANG_WARN_INFINITE_RECURSION = YES;
				CLANG_WARN_INT_CONVERSION = YES;
				CLANG_WARN_NON_LITERAL_NULL_CONVERSION = YES;
				CLANG_WARN_OBJC_IMPLICIT_RETAIN_SELF = YES;
				CLANG_WARN_OBJC_LITERAL_CONVERSION = YES;
				CLANG_WARN_OBJC_ROOT_CLASS = YES_ERROR;
				CLANG_WARN_RANGE_LOOP_ANALYSIS = YES;
				CLANG_WARN_STRICT_PROTOTYPES = YES;
				CLANG_WARN_SUSPICIOUS_MOVE = YES;
				CLANG_WARN_UNGUARDED_AVAILABILITY = YES_AGGRESSIVE;
				CLANG_WARN_UNREACHABLE_CODE = YES;
				CLANG_WARN__DUPLICATE_METHOD_MATCH = YES;
				CODE_SIGN_IDENTITY = "iPhone Developer";
				COPY_PHASE_STRIP = NO;
				DEBUG_INFORMATION_FORMAT = dwarf;
				ENABLE_STRICT_OBJC_MSGSEND = YES;
				ENABLE_TESTABILITY = YES;
				GCC_C_LANGUAGE_STANDARD = gnu11;
				GCC_DYNAMIC_NO_PIC = NO;
				GCC_NO_COMMON_BLOCKS = YES;
				GCC_OPTIMIZATION_LEVEL = 0;
				GCC_PREPROCESSOR_DEFINITIONS = (
					"DEBUG=1",
					"$(inherited)",
				);
				GCC_WARN_64_TO_32_BIT_CONVERSION = YES;
				GCC_WARN_ABOUT_RETURN_TYPE = YES_ERROR;
				GCC_WARN_UNDECLARED_SELECTOR = YES;
				GCC_WARN_UNINITIALIZED_AUTOS = YES_AGGRESSIVE;
				GCC_WARN_UNUSED_FUNCTION = YES;
				GCC_WARN_UNUSED_VARIABLE = YES;
				IPHONEOS_DEPLOYMENT_TARGET = 11.3;
				MTL_ENABLE_DEBUG_INFO = YES;
				ONLY_ACTIVE_ARCH = YES;
				SDKROOT = iphoneos;
				SWIFT_ACTIVE_COMPILATION_CONDITIONS = DEBUG;
				SWIFT_OPTIMIZATION_LEVEL = "-Onone";
			};
			name = Debug;
		};
		F27B936320C8337400EF0807 /* Release */ = {
			isa = XCBuildConfiguration;
			buildSettings = {
				ALWAYS_SEARCH_USER_PATHS = NO;
				CLANG_ANALYZER_NONNULL = YES;
				CLANG_ANALYZER_NUMBER_OBJECT_CONVERSION = YES_AGGRESSIVE;
				CLANG_CXX_LANGUAGE_STANDARD = "gnu++14";
				CLANG_CXX_LIBRARY = "libc++";
				CLANG_ENABLE_MODULES = YES;
				CLANG_ENABLE_OBJC_ARC = YES;
				CLANG_ENABLE_OBJC_WEAK = YES;
				CLANG_WARN_BLOCK_CAPTURE_AUTORELEASING = YES;
				CLANG_WARN_BOOL_CONVERSION = YES;
				CLANG_WARN_COMMA = YES;
				CLANG_WARN_CONSTANT_CONVERSION = YES;
				CLANG_WARN_DEPRECATED_OBJC_IMPLEMENTATIONS = YES;
				CLANG_WARN_DIRECT_OBJC_ISA_USAGE = YES_ERROR;
				CLANG_WARN_DOCUMENTATION_COMMENTS = YES;
				CLANG_WARN_EMPTY_BODY = YES;
				CLANG_WARN_ENUM_CONVERSION = YES;
				CLANG_WARN_INFINITE_RECURSION = YES;
				CLANG_WARN_INT_CONVERSION = YES;
				CLANG_WARN_NON_LITERAL_NULL_CONVERSION = YES;
				CLANG_WARN_OBJC_IMPLICIT_RETAIN_SELF = YES;
				CLANG_WARN_OBJC_LITERAL_CONVERSION = YES;
				CLANG_WARN_OBJC_ROOT_CLASS = YES_ERROR;
				CLANG_WARN_RANGE_LOOP_ANALYSIS = YES;
				CLANG_WARN_STRICT_PROTOTYPES = YES;
				CLANG_WARN_SUSPICIOUS_MOVE = YES;
				CLANG_WARN_UNGUARDED_AVAILABILITY = YES_AGGRESSIVE;
				CLANG_WARN_UNREACHABLE_CODE = YES;
				CLANG_WARN__DUPLICATE_METHOD_MATCH = YES;
				CODE_SIGN_IDENTITY = "iPhone Developer";
				COPY_PHASE_STRIP = NO;
				DEBUG_INFORMATION_FORMAT = "dwarf-with-dsym";
				ENABLE_NS_ASSERTIONS = NO;
				ENABLE_STRICT_OBJC_MSGSEND = YES;
				GCC_C_LANGUAGE_STANDARD = gnu11;
				GCC_NO_COMMON_BLOCKS = YES;
				GCC_WARN_64_TO_32_BIT_CONVERSION = YES;
				GCC_WARN_ABOUT_RETURN_TYPE = YES_ERROR;
				GCC_WARN_UNDECLARED_SELECTOR = YES;
				GCC_WARN_UNINITIALIZED_AUTOS = YES_AGGRESSIVE;
				GCC_WARN_UNUSED_FUNCTION = YES;
				GCC_WARN_UNUSED_VARIABLE = YES;
				IPHONEOS_DEPLOYMENT_TARGET = 11.3;
				MTL_ENABLE_DEBUG_INFO = NO;
				SDKROOT = iphoneos;
				SWIFT_COMPILATION_MODE = wholemodule;
				SWIFT_OPTIMIZATION_LEVEL = "-O";
				VALIDATE_PRODUCT = YES;
			};
			name = Release;
		};
		F27B936520C8337400EF0807 /* Debug */ = {
			isa = XCBuildConfiguration;
			baseConfigurationReference = 12F7B5F2F9CBCDDC4B85738D /* Pods-litres?.debug.xcconfig */;
			buildSettings = {
				ASSETCATALOG_COMPILER_APPICON_NAME = AppIcon;
				CODE_SIGN_STYLE = Automatic;
				DEVELOPMENT_TEAM = KQ342N2Y27;
				INFOPLIST_FILE = "litres?/Info.plist";
				IPHONEOS_DEPLOYMENT_TARGET = 11.0;
				LD_RUNPATH_SEARCH_PATHS = (
					"$(inherited)",
					"@executable_path/Frameworks",
				);
				PRODUCT_BUNDLE_IDENTIFIER = "achompolov.litres-";
				PRODUCT_NAME = "$(TARGET_NAME)";
				SWIFT_VERSION = 4.0;
				TARGETED_DEVICE_FAMILY = "1,2";
			};
			name = Debug;
		};
		F27B936620C8337400EF0807 /* Release */ = {
			isa = XCBuildConfiguration;
			baseConfigurationReference = 1D632E7184103ECB9D82D308 /* Pods-litres?.release.xcconfig */;
			buildSettings = {
				ASSETCATALOG_COMPILER_APPICON_NAME = AppIcon;
				CODE_SIGN_STYLE = Automatic;
				DEVELOPMENT_TEAM = KQ342N2Y27;
				INFOPLIST_FILE = "litres?/Info.plist";
				IPHONEOS_DEPLOYMENT_TARGET = 11.0;
				LD_RUNPATH_SEARCH_PATHS = (
					"$(inherited)",
					"@executable_path/Frameworks",
				);
				PRODUCT_BUNDLE_IDENTIFIER = "achompolov.litres-";
				PRODUCT_NAME = "$(TARGET_NAME)";
				SWIFT_VERSION = 4.0;
				TARGETED_DEVICE_FAMILY = "1,2";
			};
			name = Release;
		};
/* End XCBuildConfiguration section */

/* Begin XCConfigurationList section */
		F27B934D20C8337200EF0807 /* Build configuration list for PBXProject "litres?" */ = {
			isa = XCConfigurationList;
			buildConfigurations = (
				F27B936220C8337400EF0807 /* Debug */,
				F27B936320C8337400EF0807 /* Release */,
			);
			defaultConfigurationIsVisible = 0;
			defaultConfigurationName = Release;
		};
		F27B936420C8337400EF0807 /* Build configuration list for PBXNativeTarget "litres?" */ = {
			isa = XCConfigurationList;
			buildConfigurations = (
				F27B936520C8337400EF0807 /* Debug */,
				F27B936620C8337400EF0807 /* Release */,
			);
			defaultConfigurationIsVisible = 0;
			defaultConfigurationName = Release;
		};
/* End XCConfigurationList section */
	};
	rootObject = F27B934A20C8337200EF0807 /* Project object */;
}
